
Microsoft Visual Studio Solution File, Format Version 12.00
# Visual Studio Version 17
VisualStudioVersion = 17.8.34330.188
MinimumVisualStudioVersion = 10.0.40219.1
Project("{8BC9CEB8-8B4A-11D0-8D11-00A0C91BC942}") = "AG-TEMA6", "AG-TEMA6\AG-TEMA6.vcxproj", "{BDDAAE38-A0D4-4A0A-B3E7-DA530FE63BA2}"
EndProject
Global
	GlobalSection(SolutionConfigurationPlatforms) = preSolution
		Debug|x64 = Debug|x64
		Release|x64 = Release|x64
	EndGlobalSection
	GlobalSection(ProjectConfigurationPlatforms) = postSolution
		{BDDAAE38-A0D4-4A0A-B3E7-DA530FE63BA2}.Debug|x64.ActiveCfg = Debug|x64
		{BDDAAE38-A0D4-4A0A-B3E7-DA530FE63BA2}.Debug|x64.Build.0 = Debug|x64
		{BDDAAE38-A0D4-4A0A-B3E7-DA530FE63BA2}.Release|x64.ActiveCfg = Release|x64
		{BDDAAE38-A0D4-4A0A-B3E7-DA530FE63BA2}.Release|x64.Build.0 = Release|x64
	EndGlobalSection
	GlobalSection(SolutionProperties) = preSolution
		HideSolutionNode = FALSE
	EndGlobalSection
	GlobalSection(ExtensibilityGlobals) = postSolution
		SolutionGuid = {519449C6-616B-4697-AAA3-D9810A7C0B8B}
	EndGlobalSection
EndGlobal
